// !$*UTF8*$!
{
	archiveVersion = 1;
	classes = {
	};
	objectVersion = 51;
	objects = {

/* Begin PBXBuildFile section */
		0B61C0503D75F478B3B7C8B3 /* SplashScreenView.swift in Sources */ = {isa = PBXBuildFile; fileRef = BA5797B384D8B8FEFAB61E51 /* SplashScreenView.swift */; };
		26024BD84AB9C434B90A81A0 /* PrivacyInfo.xcprivacy in Resources */ = {isa = PBXBuildFile; fileRef = CE1FD3A72EDCE3A59CB2A669 /* PrivacyInfo.xcprivacy */; };
		458E9BC2576BA379C356D35D /* Assets.xcassets in Resources */ = {isa = PBXBuildFile; fileRef = 6532FFC21A59B001319E2EB0 /* Assets.xcassets */; };
		48A7BFB8ACBF4D1926413FAC /* RootView.swift in Sources */ = {isa = PBXBuildFile; fileRef = A57A2B4E1AA6478E77C87753 /* RootView.swift */; };
		6AC784F1E6752A7F20765E5E /* ContentView.swift in Sources */ = {isa = PBXBuildFile; fileRef = 7B460A93E79A30E46DFBC7A4 /* ContentView.swift */; };
		7A083506D34FFDB932E8456A /* DhimanMotorGarageApp.swift in Sources */ = {isa = PBXBuildFile; fileRef = 56E62034B41D657DA953B246 /* DhimanMotorGarageApp.swift */; };
		8D1A00D315E6750C30549DC2 /* WebView.swift in Sources */ = {isa = PBXBuildFile; fileRef = 3DE059294A2878595AEC27BF /* WebView.swift */; };
		938F59F7057586DCEE537C0E /* OneSignalInAppMessages in Frameworks */ = {isa = PBXBuildFile; productRef = CDEC3DC446DBB63337D1D443 /* OneSignalInAppMessages */; };
		D3919CEBA788DFD609556243 /* PushNotificationManager.swift in Sources */ = {isa = PBXBuildFile; fileRef = C42B523A811B5AF1C359403B /* PushNotificationManager.swift */; };
		EE98D05EF972D144B75099CC /* NetworkMonitor.swift in Sources */ = {isa = PBXBuildFile; fileRef = 72C02A6BE5FA701E00EF353D /* NetworkMonitor.swift */; };
		FB06AC802E9B30C4FA507FC8 /* OneSignalLocation in Frameworks */ = {isa = PBXBuildFile; productRef = 7DC7B9215949994E6E03B075 /* OneSignalLocation */; };
		FB1DD8CAA1FCF50FF7647FE8 /* OneSignalFramework in Frameworks */ = {isa = PBXBuildFile; productRef = CF5D412F3D23F81843AFAC0D /* OneSignalFramework */; };
		FE37380CD6264C8A87E71B85 /* OneSignalExtension in Frameworks */ = {isa = PBXBuildFile; productRef = 263AC97E08D7DB2DC23D09F8 /* OneSignalExtension */; };
/* End PBXBuildFile section */

/* Begin PBXFileReference section */
		098C00F38970E913314D8207 /* DhimanMotorGarage.entitlements */ = {isa = PBXFileReference; lastKnownFileType = text.plist.entitlements; path = DhimanMotorGarage.entitlements; sourceTree = "<group>"; };
		3DE059294A2878595AEC27BF /* WebView.swift */ = {isa = PBXFileReference; lastKnownFileType = sourcecode.swift; path = WebView.swift; sourceTree = "<group>"; };
		56E62034B41D657DA953B246 /* DhimanMotorGarageApp.swift */ = {isa = PBXFileReference; lastKnownFileType = sourcecode.swift; path = DhimanMotorGarageApp.swift; sourceTree = "<group>"; };
		6532FFC21A59B001319E2EB0 /* Assets.xcassets */ = {isa = PBXFileReference; lastKnownFileType = folder.assetcatalog; path = Assets.xcassets; sourceTree = "<group>"; };
		72C02A6BE5FA701E00EF353D /* NetworkMonitor.swift */ = {isa = PBXFileReference; lastKnownFileType = sourcecode.swift; path = NetworkMonitor.swift; sourceTree = "<group>"; };
		7B460A93E79A30E46DFBC7A4 /* ContentView.swift */ = {isa = PBXFileReference; lastKnownFileType = sourcecode.swift; path = ContentView.swift; sourceTree = "<group>"; };
		8D01405672CD96478B4BB3AE /* Info.plist */ = {isa = PBXFileReference; lastKnownFileType = text.plist; path = Info.plist; sourceTree = "<group>"; };
		A57A2B4E1AA6478E77C87753 /* RootView.swift */ = {isa = PBXFileReference; lastKnownFileType = sourcecode.swift; path = RootView.swift; sourceTree = "<group>"; };
		BA5797B384D8B8FEFAB61E51 /* SplashScreenView.swift */ = {isa = PBXFileReference; lastKnownFileType = sourcecode.swift; path = SplashScreenView.swift; sourceTree = "<group>"; };
		BF4ABE4CFA758C61CA280D20 /* DhimanMotorGarage.app */ = {isa = PBXFileReference; includeInIndex = 0; lastKnownFileType = wrapper.application; path = DhimanMotorGarage.app; sourceTree = BUILT_PRODUCTS_DIR; };
		C42B523A811B5AF1C359403B /* PushNotificationManager.swift */ = {isa = PBXFileReference; lastKnownFileType = sourcecode.swift; path = PushNotificationManager.swift; sourceTree = "<group>"; };
		CE1FD3A72EDCE3A59CB2A669 /* PrivacyInfo.xcprivacy */ = {isa = PBXFileReference; path = PrivacyInfo.xcprivacy; sourceTree = "<group>"; };
/* End PBXFileReference section */

/* Begin PBXFrameworksBuildPhase section */
		0DE213AE94AFB6AFDF50CFBC /* Frameworks */ = {
			isa = PBXFrameworksBuildPhase;
			buildActionMask = 2147483647;
			files = (
				FB1DD8CAA1FCF50FF7647FE8 /* OneSignalFramework in Frameworks */,
				FE37380CD6264C8A87E71B85 /* OneSignalExtension in Frameworks */,
				938F59F7057586DCEE537C0E /* OneSignalInAppMessages in Frameworks */,
				FB06AC802E9B30C4FA507FC8 /* OneSignalLocation in Frameworks */,
			);
			runOnlyForDeploymentPostprocessing = 0;
		};
/* End PBXFrameworksBuildPhase section */

/* Begin PBXGroup section */
		B71EFE34B3672A2CCABF6321 /* DhimanMotorGarage */ = {
			isa = PBXGroup;
			children = (
				6532FFC21A59B001319E2EB0 /* Assets.xcassets */,
				7B460A93E79A30E46DFBC7A4 /* ContentView.swift */,
				098C00F38970E913314D8207 /* DhimanMotorGarage.entitlements */,
				56E62034B41D657DA953B246 /* DhimanMotorGarageApp.swift */,
				8D01405672CD96478B4BB3AE /* Info.plist */,
				72C02A6BE5FA701E00EF353D /* NetworkMonitor.swift */,
				CE1FD3A72EDCE3A59CB2A669 /* PrivacyInfo.xcprivacy */,
				C42B523A811B5AF1C359403B /* PushNotificationManager.swift */,
				A57A2B4E1AA6478E77C87753 /* RootView.swift */,
				BA5797B384D8B8FEFAB61E51 /* SplashScreenView.swift */,
				3DE059294A2878595AEC27BF /* WebView.swift */,
			);
			path = DhimanMotorGarage;
			sourceTree = "<group>";
		};
		CC1ED3909CB561CC71D78C56 = {
			isa = PBXGroup;
			children = (
				B71EFE34B3672A2CCABF6321 /* DhimanMotorGarage */,
				D315F3366BF0A006723E51D2 /* Products */,
			);
			sourceTree = "<group>";
		};
		D315F3366BF0A006723E51D2 /* Products */ = {
			isa = PBXGroup;
			children = (
				BF4ABE4CFA758C61CA280D20 /* DhimanMotorGarage.app */,
			);
			name = Products;
			sourceTree = "<group>";
		};
/* End PBXGroup section */

/* Begin PBXNativeTarget section */
		029A281F68C7DA273E04D676 /* DhimanMotorGarage */ = {
			isa = PBXNativeTarget;
			buildConfigurationList = 7C7353B184A1B7FB0F865537 /* Build configuration list for PBXNativeTarget "DhimanMotorGarage" */;
			buildPhases = (
				EF4EFFFA9522C563DFA8BAE1 /* Sources */,
				C4AB121ABFA4FDAE122B603E /* Resources */,
				0DE213AE94AFB6AFDF50CFBC /* Frameworks */,
			);
			buildRules = (
			);
			dependencies = (
			);
			name = DhimanMotorGarage;
			packageProductDependencies = (
				CF5D412F3D23F81843AFAC0D /* OneSignalFramework */,
				263AC97E08D7DB2DC23D09F8 /* OneSignalExtension */,
				CDEC3DC446DBB63337D1D443 /* OneSignalInAppMessages */,
				7DC7B9215949994E6E03B075 /* OneSignalLocation */,
			);
			productName = DhimanMotorGarage;
			productReference = BF4ABE4CFA758C61CA280D20 /* DhimanMotorGarage.app */;
			productType = "com.apple.product-type.application";
		};
/* End PBXNativeTarget section */

/* Begin PBXProject section */
		036374B09A279B63C7E015D8 /* Project object */ = {
			isa = PBXProject;
			attributes = {
				LastUpgradeCheck = 1600;
				TargetAttributes = {
					029A281F68C7DA273E04D676 = {
						DevelopmentTeam = LF96H2J9VK;
						ProvisioningStyle = Automatic;
					};
				};
			};
			buildConfigurationList = D2883A557FD3BD2A0A31E7C6 /* Build configuration list for PBXProject "DhimanMotorGarage" */;
			compatibilityVersion = "Xcode 11.0";
			developmentRegion = en;
			hasScannedForEncodings = 0;
			knownRegions = (
				Base,
				en,
			);
			mainGroup = CC1ED3909CB561CC71D78C56;
			packageReferences = (
				0BD34527422E4E53FCC4E91E /* XCRemoteSwiftPackageReference "OneSignal-iOS-SDK" */,
			);
			projectDirPath = "";
			projectRoot = "";
			targets = (
				029A281F68C7DA273E04D676 /* DhimanMotorGarage */,
			);
		};
/* End PBXProject section */

/* Begin PBXResourcesBuildPhase section */
		C4AB121ABFA4FDAE122B603E /* Resources */ = {
			isa = PBXResourcesBuildPhase;
			buildActionMask = 2147483647;
			files = (
				458E9BC2576BA379C356D35D /* Assets.xcassets in Resources */,
				26024BD84AB9C434B90A81A0 /* PrivacyInfo.xcprivacy in Resources */,
			);
			runOnlyForDeploymentPostprocessing = 0;
		};
/* End PBXResourcesBuildPhase section */

/* Begin PBXSourcesBuildPhase section */
		EF4EFFFA9522C563DFA8BAE1 /* Sources */ = {
			isa = PBXSourcesBuildPhase;
			buildActionMask = 2147483647;
			files = (
				6AC784F1E6752A7F20765E5E /* ContentView.swift in Sources */,
				7A083506D34FFDB932E8456A /* DhimanMotorGarageApp.swift in Sources */,
				EE98D05EF972D144B75099CC /* NetworkMonitor.swift in Sources */,
				D3919CEBA788DFD609556243 /* PushNotificationManager.swift in Sources */,
				48A7BFB8ACBF4D1926413FAC /* RootView.swift in Sources */,
				0B61C0503D75F478B3B7C8B3 /* SplashScreenView.swift in Sources */,
				8D1A00D315E6750C30549DC2 /* WebView.swift in Sources */,
			);
			runOnlyForDeploymentPostprocessing = 0;
		};
/* End PBXSourcesBuildPhase section */

/* Begin XCBuildConfiguration section */
		1079DC915CAD01DD35F9A585 /* Debug */ = {
			isa = XCBuildConfiguration;
			buildSettings = {
				ASSETCATALOG_COMPILER_APPICON_NAME = AppIcon;
				CODE_SIGN_ENTITLEMENTS = DhimanMotorGarage/DhimanMotorGarage.entitlements;
				CODE_SIGN_IDENTITY = "iPhone Developer";
				CODE_SIGN_STYLE = Automatic;
				INFOPLIST_FILE = DhimanMotorGarage/Info.plist;
				LD_RUNPATH_SEARCH_PATHS = (
					"$(inherited)",
					"@executable_path/Frameworks",
				);
				PRODUCT_BUNDLE_IDENTIFIER = in.dhimanmotorgarage.app;
				PRODUCT_NAME = "Dhiman Motor Garage";
				SDKROOT = iphoneos;
				TARGETED_DEVICE_FAMILY = "1,2";
			};
			name = Debug;
		};
		1BB0B55C1972FAA35168CB48 /* Release */ = {
			isa = XCBuildConfiguration;
			buildSettings = {
				ASSETCATALOG_COMPILER_APPICON_NAME = AppIcon;
				CODE_SIGN_ENTITLEMENTS = DhimanMotorGarage/DhimanMotorGarage.entitlements;
				CODE_SIGN_IDENTITY = "iPhone Developer";
				CODE_SIGN_STYLE = Automatic;
				INFOPLIST_FILE = DhimanMotorGarage/Info.plist;
				LD_RUNPATH_SEARCH_PATHS = (
					"$(inherited)",
					"@executable_path/Frameworks",
				);
				PRODUCT_BUNDLE_IDENTIFIER = in.dhimanmotorgarage.app;
				PRODUCT_NAME = "Dhiman Motor Garage";
				SDKROOT = iphoneos;
				TARGETED_DEVICE_FAMILY = "1,2";
			};
			name = Release;
		};
		7A860C8DCEECC3A1E4843E41 /* Release */ = {
			isa = XCBuildConfiguration;
			buildSettings = {
				ALWAYS_SEARCH_USER_PATHS = NO;
				CLANG_ANALYZER_NONNULL = YES;
				CLANG_ANALYZER_NUMBER_OBJECT_CONVERSION = YES_AGGRESSIVE;
				CLANG_CXX_LANGUAGE_STANDARD = "gnu++14";
				CLANG_CXX_LIBRARY = "libc++";
				CLANG_ENABLE_MODULES = YES;
				CLANG_ENABLE_OBJC_ARC = YES;
				CLANG_ENABLE_OBJC_WEAK = YES;
				CLANG_WARN_BLOCK_CAPTURE_AUTORELEASING = YES;
				CLANG_WARN_BOOL_CONVERSION = YES;
				CLANG_WARN_COMMA = YES;
				CLANG_WARN_CONSTANT_CONVERSION = YES;
				CLANG_WARN_DEPRECATED_OBJC_IMPLEMENTATIONS = YES;
				CLANG_WARN_DIRECT_OBJC_ISA_USAGE = YES_ERROR;
				CLANG_WARN_DOCUMENTATION_COMMENTS = YES;
				CLANG_WARN_EMPTY_BODY = YES;
				CLANG_WARN_ENUM_CONVERSION = YES;
				CLANG_WARN_INFINITE_RECURSION = YES;
				CLANG_WARN_INT_CONVERSION = YES;
				CLANG_WARN_NON_LITERAL_NULL_CONVERSION = YES;
				CLANG_WARN_OBJC_IMPLICIT_RETAIN_SELF = YES;
				CLANG_WARN_OBJC_LITERAL_CONVERSION = YES;
				CLANG_WARN_OBJC_ROOT_CLASS = YES_ERROR;
				CLANG_WARN_QUOTED_INCLUDE_IN_FRAMEWORK_HEADER = YES;
				CLANG_WARN_RANGE_LOOP_ANALYSIS = YES;
				CLANG_WARN_STRICT_PROTOTYPES = YES;
				CLANG_WARN_SUSPICIOUS_MOVE = YES;
				CLANG_WARN_UNGUARDED_AVAILABILITY = YES_AGGRESSIVE;
				CLANG_WARN_UNREACHABLE_CODE = YES;
				CLANG_WARN__DUPLICATE_METHOD_MATCH = YES;
				COPY_PHASE_STRIP = NO;
				CURRENT_PROJECT_VERSION = 1;
				DEBUG_INFORMATION_FORMAT = "dwarf-with-dsym";
				DEVELOPMENT_TEAM = LF96H2J9VK;
				ENABLE_NS_ASSERTIONS = NO;
				ENABLE_STRICT_OBJC_MSGSEND = YES;
				GCC_C_LANGUAGE_STANDARD = gnu11;
				GCC_NO_COMMON_BLOCKS = YES;
				GCC_WARN_64_TO_32_BIT_CONVERSION = YES;
				GCC_WARN_ABOUT_RETURN_TYPE = YES_ERROR;
				GCC_WARN_UNDECLARED_SELECTOR = YES;
				GCC_WARN_UNINITIALIZED_AUTOS = YES_AGGRESSIVE;
				GCC_WARN_UNUSED_FUNCTION = YES;
				GCC_WARN_UNUSED_VARIABLE = YES;
				IPHONEOS_DEPLOYMENT_TARGET = 15.0;
				MARKETING_VERSION = 1.1;
				MTL_ENABLE_DEBUG_INFO = NO;
				MTL_FAST_MATH = YES;
				PRODUCT_NAME = "$(TARGET_NAME)";
				SDKROOT = iphoneos;
				SWIFT_COMPILATION_MODE = wholemodule;
				SWIFT_OPTIMIZATION_LEVEL = "-O";
				SWIFT_VERSION = 5.0;
				TARGETED_DEVICE_FAMILY = "1,2";
			};
			name = Release;
		};
		E7F77CC581EA335351A50FD4 /* Debug */ = {
			isa = XCBuildConfiguration;
			buildSettings = {
				ALWAYS_SEARCH_USER_PATHS = NO;
				CLANG_ANALYZER_NONNULL = YES;
				CLANG_ANALYZER_NUMBER_OBJECT_CONVERSION = YES_AGGRESSIVE;
				CLANG_CXX_LANGUAGE_STANDARD = "gnu++14";
				CLANG_CXX_LIBRARY = "libc++";
				CLANG_ENABLE_MODULES = YES;
				CLANG_ENABLE_OBJC_ARC = YES;
				CLANG_ENABLE_OBJC_WEAK = YES;
				CLANG_WARN_BLOCK_CAPTURE_AUTORELEASING = YES;
				CLANG_WARN_BOOL_CONVERSION = YES;
				CLANG_WARN_COMMA = YES;
				CLANG_WARN_CONSTANT_CONVERSION = YES;
				CLANG_WARN_DEPRECATED_OBJC_IMPLEMENTATIONS = YES;
				CLANG_WARN_DIRECT_OBJC_ISA_USAGE = YES_ERROR;
				CLANG_WARN_DOCUMENTATION_COMMENTS = YES;
				CLANG_WARN_EMPTY_BODY = YES;
				CLANG_WARN_ENUM_CONVERSION = YES;
				CLANG_WARN_INFINITE_RECURSION = YES;
				CLANG_WARN_INT_CONVERSION = YES;
				CLANG_WARN_NON_LITERAL_NULL_CONVERSION = YES;
				CLANG_WARN_OBJC_IMPLICIT_RETAIN_SELF = YES;
				CLANG_WARN_OBJC_LITERAL_CONVERSION = YES;
				CLANG_WARN_OBJC_ROOT_CLASS = YES_ERROR;
				CLANG_WARN_QUOTED_INCLUDE_IN_FRAMEWORK_HEADER = YES;
				CLANG_WARN_RANGE_LOOP_ANALYSIS = YES;
				CLANG_WARN_STRICT_PROTOTYPES = YES;
				CLANG_WARN_SUSPICIOUS_MOVE = YES;
				CLANG_WARN_UNGUARDED_AVAILABILITY = YES_AGGRESSIVE;
				CLANG_WARN_UNREACHABLE_CODE = YES;
				CLANG_WARN__DUPLICATE_METHOD_MATCH = YES;
				COPY_PHASE_STRIP = NO;
				CURRENT_PROJECT_VERSION = 1;
				DEBUG_INFORMATION_FORMAT = dwarf;
				DEVELOPMENT_TEAM = LF96H2J9VK;
				ENABLE_STRICT_OBJC_MSGSEND = YES;
				ENABLE_TESTABILITY = YES;
				GCC_C_LANGUAGE_STANDARD = gnu11;
				GCC_DYNAMIC_NO_PIC = NO;
				GCC_NO_COMMON_BLOCKS = YES;
				GCC_OPTIMIZATION_LEVEL = 0;
				GCC_PREPROCESSOR_DEFINITIONS = (
					"$(inherited)",
					"DEBUG=1",
				);
				GCC_WARN_64_TO_32_BIT_CONVERSION = YES;
				GCC_WARN_ABOUT_RETURN_TYPE = YES_ERROR;
				GCC_WARN_UNDECLARED_SELECTOR = YES;
				GCC_WARN_UNINITIALIZED_AUTOS = YES_AGGRESSIVE;
				GCC_WARN_UNUSED_FUNCTION = YES;
				GCC_WARN_UNUSED_VARIABLE = YES;
				IPHONEOS_DEPLOYMENT_TARGET = 15.0;
				MARKETING_VERSION = 1.1;
				MTL_ENABLE_DEBUG_INFO = INCLUDE_SOURCE;
				MTL_FAST_MATH = YES;
				ONLY_ACTIVE_ARCH = YES;
				PRODUCT_NAME = "$(TARGET_NAME)";
				SDKROOT = iphoneos;
				SWIFT_ACTIVE_COMPILATION_CONDITIONS = DEBUG;
				SWIFT_OPTIMIZATION_LEVEL = "-Onone";
				SWIFT_VERSION = 5.0;
				TARGETED_DEVICE_FAMILY = "1,2";
			};
			name = Debug;
		};
/* End XCBuildConfiguration section */

/* Begin XCConfigurationList section */
		7C7353B184A1B7FB0F865537 /* Build configuration list for PBXNativeTarget "DhimanMotorGarage" */ = {
			isa = XCConfigurationList;
			buildConfigurations = (
				1079DC915CAD01DD35F9A585 /* Debug */,
				1BB0B55C1972FAA35168CB48 /* Release */,
			);
			defaultConfigurationIsVisible = 0;
			defaultConfigurationName = Debug;
		};
		D2883A557FD3BD2A0A31E7C6 /* Build configuration list for PBXProject "DhimanMotorGarage" */ = {
			isa = XCConfigurationList;
			buildConfigurations = (
				E7F77CC581EA335351A50FD4 /* Debug */,
				7A860C8DCEECC3A1E4843E41 /* Release */,
			);
			defaultConfigurationIsVisible = 0;
			defaultConfigurationName = Debug;
		};
/* End XCConfigurationList section */

/* Begin XCRemoteSwiftPackageReference section */
		0BD34527422E4E53FCC4E91E /* XCRemoteSwiftPackageReference "OneSignal-iOS-SDK" */ = {
			isa = XCRemoteSwiftPackageReference;
			repositoryURL = "https://github.com/OneSignal/OneSignal-iOS-SDK";
			requirement = {
				kind = upToNextMajorVersion;
				minimumVersion = 5.0.0;
			};
		};
/* End XCRemoteSwiftPackageReference section */

/* Begin XCSwiftPackageProductDependency section */
		263AC97E08D7DB2DC23D09F8 /* OneSignalExtension */ = {
			isa = XCSwiftPackageProductDependency;
			package = 0BD34527422E4E53FCC4E91E /* XCRemoteSwiftPackageReference "OneSignal-iOS-SDK" */;
			productName = OneSignalExtension;
		};
		7DC7B9215949994E6E03B075 /* OneSignalLocation */ = {
			isa = XCSwiftPackageProductDependency;
			package = 0BD34527422E4E53FCC4E91E /* XCRemoteSwiftPackageReference "OneSignal-iOS-SDK" */;
			productName = OneSignalLocation;
		};
		CDEC3DC446DBB63337D1D443 /* OneSignalInAppMessages */ = {
			isa = XCSwiftPackageProductDependency;
			package = 0BD34527422E4E53FCC4E91E /* XCRemoteSwiftPackageReference "OneSignal-iOS-SDK" */;
			productName = OneSignalInAppMessages;
		};
		CF5D412F3D23F81843AFAC0D /* OneSignalFramework */ = {
			isa = XCSwiftPackageProductDependency;
			package = 0BD34527422E4E53FCC4E91E /* XCRemoteSwiftPackageReference "OneSignal-iOS-SDK" */;
			productName = OneSignalFramework;
		};
/* End XCSwiftPackageProductDependency section */
	};
	rootObject = 036374B09A279B63C7E015D8 /* Project object */;
}
